{
  "requires": true,
  "lockfileVersion": 1,
  "dependencies": {
    "calendar": {
      "version": "github:pithyone/calendar.js#a4277590864546525b0abaf36d3e9df1932bf405",
      "from": "github:pithyone/calendar.js"
    },
    "miniprogram-datepicker": {
      "version": "0.3.0",
      "resolved": "https://registry.npm.taobao.org/miniprogram-datepicker/download/miniprogram-datepicker-0.3.0.tgz",
      "integrity": "sha1-hSGA7hWeFQjsbbU9LL9cykiUC6o=",
      "requires": {
        "calendar": "github:pithyone/calendar.js#a4277590864546525b0abaf36d3e9df1932bf405"
      }
    }
  }
}
